
Microsoft Visual Studio Solution File, Format Version 12.00
# Visual Studio Version 17
VisualStudioVersion = 17.8.34330.188
MinimumVisualStudioVersion = 10.0.40219.1
Project("{FAE04EC0-301F-11D3-BF4B-00C04F79EFBC}") = "wheelsUN_transaction_ms", "wheelsUN_transaction_ms\wheelsUN_transaction_ms.csproj", "{6C0447D0-1D75-4213-B6BF-99991F040B0C}"
EndProject
Global
	GlobalSection(SolutionConfigurationPlatforms) = preSolution
		Debug|Any CPU = Debug|Any CPU
		Release|Any CPU = Release|Any CPU
	EndGlobalSection
	GlobalSection(ProjectConfigurationPlatforms) = postSolution
		{6C0447D0-1D75-4213-B6BF-99991F040B0C}.Debug|Any CPU.ActiveCfg = Debug|Any CPU
		{6C0447D0-1D75-4213-B6BF-99991F040B0C}.Debug|Any CPU.Build.0 = Debug|Any CPU
		{6C0447D0-1D75-4213-B6BF-99991F040B0C}.Release|Any CPU.ActiveCfg = Release|Any CPU
		{6C0447D0-1D75-4213-B6BF-99991F040B0C}.Release|Any CPU.Build.0 = Release|Any CPU
	EndGlobalSection
	GlobalSection(SolutionProperties) = preSolution
		HideSolutionNode = FALSE
	EndGlobalSection
	GlobalSection(ExtensibilityGlobals) = postSolution
		SolutionGuid = {C8EDB83E-08E3-4E53-89E5-361AADDA6783}
	EndGlobalSection
EndGlobal
